// !$*UTF8*$!
{
	archiveVersion = 1;
	classes = {
	};
	objectVersion = 46;
	objects = {

/* Begin PBXBuildFile section */
		1E0CD2D818D26AD5008AFC7B /* NSDecimalNumber+SquareRoot.m in Sources */ = {isa = PBXBuildFile; fileRef = 1E0CD2D718D26AD5008AFC7B /* NSDecimalNumber+SquareRoot.m */; };
		1E2B3CAD18C7A94600FA1DA0 /* Foundation.framework in Frameworks */ = {isa = PBXBuildFile; fileRef = 1E2B3CAC18C7A94600FA1DA0 /* Foundation.framework */; };
		1E2B3CAF18C7A94700FA1DA0 /* CoreGraphics.framework in Frameworks */ = {isa = PBXBuildFile; fileRef = 1E2B3CAE18C7A94700FA1DA0 /* CoreGraphics.framework */; };
		1E2B3CB118C7A94700FA1DA0 /* UIKit.framework in Frameworks */ = {isa = PBXBuildFile; fileRef = 1E2B3CB018C7A94700FA1DA0 /* UIKit.framework */; };
		1E2B3CB718C7A94700FA1DA0 /* InfoPlist.strings in Resources */ = {isa = PBXBuildFile; fileRef = 1E2B3CB518C7A94700FA1DA0 /* InfoPlist.strings */; };
		1E2B3CB918C7A94700FA1DA0 /* main.m in Sources */ = {isa = PBXBuildFile; fileRef = 1E2B3CB818C7A94700FA1DA0 /* main.m */; };
		1E2B3CBD18C7A94700FA1DA0 /* MyCalculatorAppDelegate.m in Sources */ = {isa = PBXBuildFile; fileRef = 1E2B3CBC18C7A94700FA1DA0 /* MyCalculatorAppDelegate.m */; };
		1E2B3CC018C7A94700FA1DA0 /* Main.storyboard in Resources */ = {isa = PBXBuildFile; fileRef = 1E2B3CBE18C7A94700FA1DA0 /* Main.storyboard */; };
		1E2B3CC318C7A94700FA1DA0 /* MyCalculatorViewController.m in Sources */ = {isa = PBXBuildFile; fileRef = 1E2B3CC218C7A94700FA1DA0 /* MyCalculatorViewController.m */; };
		1E2B3CC518C7A94700FA1DA0 /* Images.xcassets in Resources */ = {isa = PBXBuildFile; fileRef = 1E2B3CC418C7A94700FA1DA0 /* Images.xcassets */; };
		1E2B3CCC18C7A94700FA1DA0 /* XCTest.framework in Frameworks */ = {isa = PBXBuildFile; fileRef = 1E2B3CCB18C7A94700FA1DA0 /* XCTest.framework */; };
		1E2B3CCD18C7A94700FA1DA0 /* Foundation.framework in Frameworks */ = {isa = PBXBuildFile; fileRef = 1E2B3CAC18C7A94600FA1DA0 /* Foundation.framework */; };
		1E2B3CCE18C7A94700FA1DA0 /* UIKit.framework in Frameworks */ = {isa = PBXBuildFile; fileRef = 1E2B3CB018C7A94700FA1DA0 /* UIKit.framework */; };
		1E2B3CD618C7A94700FA1DA0 /* InfoPlist.strings in Resources */ = {isa = PBXBuildFile; fileRef = 1E2B3CD418C7A94700FA1DA0 /* InfoPlist.strings */; };
		1E2B3CD818C7A94700FA1DA0 /* MyCalculatorTests.m in Sources */ = {isa = PBXBuildFile; fileRef = 1E2B3CD718C7A94700FA1DA0 /* MyCalculatorTests.m */; };
		1E82C42F18CD0965009D087D /* ShuntingYard.m in Sources */ = {isa = PBXBuildFile; fileRef = 1E82C42E18CD0965009D087D /* ShuntingYard.m */; };
		1E82C43918CD1354009D087D /* MJGStack.m in Sources */ = {isa = PBXBuildFile; fileRef = 1E82C43818CD1354009D087D /* MJGStack.m */; };
		1E82C43C18CD140E009D087D /* NSMutableArray+QueueAdditions.m in Sources */ = {isa = PBXBuildFile; fileRef = 1E82C43B18CD140E009D087D /* NSMutableArray+QueueAdditions.m */; };
		1ED1E04C18C7B9300052C728 /* CalculatorEngine.m in Sources */ = {isa = PBXBuildFile; fileRef = 1ED1E04B18C7B9300052C728 /* CalculatorEngine.m */; };
		1EE2E28F18D78C0A00931F56 /* CopyLabel.m in Sources */ = {isa = PBXBuildFile; fileRef = 1EE2E28E18D78C0A00931F56 /* CopyLabel.m */; };
/* End PBXBuildFile section */

/* Begin PBXContainerItemProxy section */
		1E2B3CCF18C7A94700FA1DA0 /* PBXContainerItemProxy */ = {
			isa = PBXContainerItemProxy;
			containerPortal = 1E2B3CA118C7A94600FA1DA0 /* Project object */;
			proxyType = 1;
			remoteGlobalIDString = 1E2B3CA818C7A94600FA1DA0;
			remoteInfo = MyCalculator;
		};
/* End PBXContainerItemProxy section */

/* Begin PBXFileReference section */
		1E0CD2D618D26AD5008AFC7B /* NSDecimalNumber+SquareRoot.h */ = {isa = PBXFileReference; fileEncoding = 4; lastKnownFileType = sourcecode.c.h; path = "NSDecimalNumber+SquareRoot.h"; sourceTree = "<group>"; };
		1E0CD2D718D26AD5008AFC7B /* NSDecimalNumber+SquareRoot.m */ = {isa = PBXFileReference; fileEncoding = 4; lastKnownFileType = sourcecode.c.objc; path = "NSDecimalNumber+SquareRoot.m"; sourceTree = "<group>"; };
		1E2B3CA918C7A94600FA1DA0 /* MyCalculator.app */ = {isa = PBXFileReference; explicitFileType = wrapper.application; includeInIndex = 0; path = MyCalculator.app; sourceTree = BUILT_PRODUCTS_DIR; };
		1E2B3CAC18C7A94600FA1DA0 /* Foundation.framework */ = {isa = PBXFileReference; lastKnownFileType = wrapper.framework; name = Foundation.framework; path = System/Library/Frameworks/Foundation.framework; sourceTree = SDKROOT; };
		1E2B3CAE18C7A94700FA1DA0 /* CoreGraphics.framework */ = {isa = PBXFileReference; lastKnownFileType = wrapper.framework; name = CoreGraphics.framework; path = System/Library/Frameworks/CoreGraphics.framework; sourceTree = SDKROOT; };
		1E2B3CB018C7A94700FA1DA0 /* UIKit.framework */ = {isa = PBXFileReference; lastKnownFileType = wrapper.framework; name = UIKit.framework; path = System/Library/Frameworks/UIKit.framework; sourceTree = SDKROOT; };
		1E2B3CB418C7A94700FA1DA0 /* MyCalculator-Info.plist */ = {isa = PBXFileReference; lastKnownFileType = text.plist.xml; path = "MyCalculator-Info.plist"; sourceTree = "<group>"; };
		1E2B3CB618C7A94700FA1DA0 /* en */ = {isa = PBXFileReference; lastKnownFileType = text.plist.strings; name = en; path = en.lproj/InfoPlist.strings; sourceTree = "<group>"; };
		1E2B3CB818C7A94700FA1DA0 /* main.m */ = {isa = PBXFileReference; lastKnownFileType = sourcecode.c.objc; path = main.m; sourceTree = "<group>"; };
		1E2B3CBA18C7A94700FA1DA0 /* MyCalculator-Prefix.pch */ = {isa = PBXFileReference; lastKnownFileType = sourcecode.c.h; path = "MyCalculator-Prefix.pch"; sourceTree = "<group>"; };
		1E2B3CBB18C7A94700FA1DA0 /* MyCalculatorAppDelegate.h */ = {isa = PBXFileReference; lastKnownFileType = sourcecode.c.h; path = MyCalculatorAppDelegate.h; sourceTree = "<group>"; };
		1E2B3CBC18C7A94700FA1DA0 /* MyCalculatorAppDelegate.m */ = {isa = PBXFileReference; lastKnownFileType = sourcecode.c.objc; path = MyCalculatorAppDelegate.m; sourceTree = "<group>"; };
		1E2B3CBF18C7A94700FA1DA0 /* Base */ = {isa = PBXFileReference; lastKnownFileType = file.storyboard; name = Base; path = Base.lproj/Main.storyboard; sourceTree = "<group>"; };
		1E2B3CC118C7A94700FA1DA0 /* MyCalculatorViewController.h */ = {isa = PBXFileReference; lastKnownFileType = sourcecode.c.h; path = MyCalculatorViewController.h; sourceTree = "<group>"; };
		1E2B3CC218C7A94700FA1DA0 /* MyCalculatorViewController.m */ = {isa = PBXFileReference; lastKnownFileType = sourcecode.c.objc; path = MyCalculatorViewController.m; sourceTree = "<group>"; };
		1E2B3CC418C7A94700FA1DA0 /* Images.xcassets */ = {isa = PBXFileReference; lastKnownFileType = folder.assetcatalog; path = Images.xcassets; sourceTree = "<group>"; };
		1E2B3CCA18C7A94700FA1DA0 /* MyCalculatorTests.xctest */ = {isa = PBXFileReference; explicitFileType = wrapper.cfbundle; includeInIndex = 0; path = MyCalculatorTests.xctest; sourceTree = BUILT_PRODUCTS_DIR; };
		1E2B3CCB18C7A94700FA1DA0 /* XCTest.framework */ = {isa = PBXFileReference; lastKnownFileType = wrapper.framework; name = XCTest.framework; path = Library/Frameworks/XCTest.framework; sourceTree = DEVELOPER_DIR; };
		1E2B3CD318C7A94700FA1DA0 /* MyCalculatorTests-Info.plist */ = {isa = PBXFileReference; lastKnownFileType = text.plist.xml; path = "MyCalculatorTests-Info.plist"; sourceTree = "<group>"; };
		1E2B3CD518C7A94700FA1DA0 /* en */ = {isa = PBXFileReference; lastKnownFileType = text.plist.strings; name = en; path = en.lproj/InfoPlist.strings; sourceTree = "<group>"; };
		1E2B3CD718C7A94700FA1DA0 /* MyCalculatorTests.m */ = {isa = PBXFileReference; lastKnownFileType = sourcecode.c.objc; path = MyCalculatorTests.m; sourceTree = "<group>"; };
		1E82C42D18CD0965009D087D /* ShuntingYard.h */ = {isa = PBXFileReference; fileEncoding = 4; lastKnownFileType = sourcecode.c.h; path = ShuntingYard.h; sourceTree = "<group>"; };
		1E82C42E18CD0965009D087D /* ShuntingYard.m */ = {isa = PBXFileReference; fileEncoding = 4; lastKnownFileType = sourcecode.c.objc; path = ShuntingYard.m; sourceTree = "<group>"; };
		1E82C43718CD1354009D087D /* MJGStack.h */ = {isa = PBXFileReference; fileEncoding = 4; lastKnownFileType = sourcecode.c.h; path = MJGStack.h; sourceTree = "<group>"; };
		1E82C43818CD1354009D087D /* MJGStack.m */ = {isa = PBXFileReference; fileEncoding = 4; lastKnownFileType = sourcecode.c.objc; path = MJGStack.m; sourceTree = "<group>"; };
		1E82C43A18CD140E009D087D /* NSMutableArray+QueueAdditions.h */ = {isa = PBXFileReference; fileEncoding = 4; lastKnownFileType = sourcecode.c.h; path = "NSMutableArray+QueueAdditions.h"; sourceTree = "<group>"; };
		1E82C43B18CD140E009D087D /* NSMutableArray+QueueAdditions.m */ = {isa = PBXFileReference; fileEncoding = 4; lastKnownFileType = sourcecode.c.objc; path = "NSMutableArray+QueueAdditions.m"; sourceTree = "<group>"; };
		1ED1E04A18C7B9300052C728 /* CalculatorEngine.h */ = {isa = PBXFileReference; fileEncoding = 4; lastKnownFileType = sourcecode.c.h; path = CalculatorEngine.h; sourceTree = "<group>"; };
		1ED1E04B18C7B9300052C728 /* CalculatorEngine.m */ = {isa = PBXFileReference; fileEncoding = 4; lastKnownFileType = sourcecode.c.objc; path = CalculatorEngine.m; sourceTree = "<group>"; };
		1EE2E28D18D78C0A00931F56 /* CopyLabel.h */ = {isa = PBXFileReference; fileEncoding = 4; lastKnownFileType = sourcecode.c.h; path = CopyLabel.h; sourceTree = "<group>"; };
		1EE2E28E18D78C0A00931F56 /* CopyLabel.m */ = {isa = PBXFileReference; fileEncoding = 4; lastKnownFileType = sourcecode.c.objc; path = CopyLabel.m; sourceTree = "<group>"; };
/* End PBXFileReference section */

/* Begin PBXFrameworksBuildPhase section */
		1E2B3CA618C7A94600FA1DA0 /* Frameworks */ = {
			isa = PBXFrameworksBuildPhase;
			buildActionMask = 2147483647;
			files = (
				1E2B3CAF18C7A94700FA1DA0 /* CoreGraphics.framework in Frameworks */,
				1E2B3CB118C7A94700FA1DA0 /* UIKit.framework in Frameworks */,
				1E2B3CAD18C7A94600FA1DA0 /* Foundation.framework in Frameworks */,
			);
			runOnlyForDeploymentPostprocessing = 0;
		};
		1E2B3CC718C7A94700FA1DA0 /* Frameworks */ = {
			isa = PBXFrameworksBuildPhase;
			buildActionMask = 2147483647;
			files = (
				1E2B3CCC18C7A94700FA1DA0 /* XCTest.framework in Frameworks */,
				1E2B3CCE18C7A94700FA1DA0 /* UIKit.framework in Frameworks */,
				1E2B3CCD18C7A94700FA1DA0 /* Foundation.framework in Frameworks */,
			);
			runOnlyForDeploymentPostprocessing = 0;
		};
/* End PBXFrameworksBuildPhase section */

/* Begin PBXGroup section */
		1E2B3CA018C7A94600FA1DA0 = {
			isa = PBXGroup;
			children = (
				1E2B3CB218C7A94700FA1DA0 /* MyCalculator */,
				1E2B3CD118C7A94700FA1DA0 /* MyCalculatorTests */,
				1E2B3CAB18C7A94600FA1DA0 /* Frameworks */,
				1E2B3CAA18C7A94600FA1DA0 /* Products */,
			);
			sourceTree = "<group>";
		};
		1E2B3CAA18C7A94600FA1DA0 /* Products */ = {
			isa = PBXGroup;
			children = (
				1E2B3CA918C7A94600FA1DA0 /* MyCalculator.app */,
				1E2B3CCA18C7A94700FA1DA0 /* MyCalculatorTests.xctest */,
			);
			name = Products;
			sourceTree = "<group>";
		};
		1E2B3CAB18C7A94600FA1DA0 /* Frameworks */ = {
			isa = PBXGroup;
			children = (
				1E2B3CAC18C7A94600FA1DA0 /* Foundation.framework */,
				1E2B3CAE18C7A94700FA1DA0 /* CoreGraphics.framework */,
				1E2B3CB018C7A94700FA1DA0 /* UIKit.framework */,
				1E2B3CCB18C7A94700FA1DA0 /* XCTest.framework */,
			);
			name = Frameworks;
			sourceTree = "<group>";
		};
		1E2B3CB218C7A94700FA1DA0 /* MyCalculator */ = {
			isa = PBXGroup;
			children = (
				1EE2E28D18D78C0A00931F56 /* CopyLabel.h */,
				1EE2E28E18D78C0A00931F56 /* CopyLabel.m */,
				1E82C43718CD1354009D087D /* MJGStack.h */,
				1E82C43818CD1354009D087D /* MJGStack.m */,
				1E2B3CBB18C7A94700FA1DA0 /* MyCalculatorAppDelegate.h */,
				1E2B3CBC18C7A94700FA1DA0 /* MyCalculatorAppDelegate.m */,
				1E2B3CBE18C7A94700FA1DA0 /* Main.storyboard */,
				1ED1E04A18C7B9300052C728 /* CalculatorEngine.h */,
				1ED1E04B18C7B9300052C728 /* CalculatorEngine.m */,
				1E2B3CC118C7A94700FA1DA0 /* MyCalculatorViewController.h */,
				1E2B3CC218C7A94700FA1DA0 /* MyCalculatorViewController.m */,
				1E0CD2D618D26AD5008AFC7B /* NSDecimalNumber+SquareRoot.h */,
				1E0CD2D718D26AD5008AFC7B /* NSDecimalNumber+SquareRoot.m */,
				1E82C42D18CD0965009D087D /* ShuntingYard.h */,
				1E82C42E18CD0965009D087D /* ShuntingYard.m */,
				1E82C43A18CD140E009D087D /* NSMutableArray+QueueAdditions.h */,
				1E82C43B18CD140E009D087D /* NSMutableArray+QueueAdditions.m */,
				1E2B3CC418C7A94700FA1DA0 /* Images.xcassets */,
				1E2B3CB318C7A94700FA1DA0 /* Supporting Files */,
			);
			path = MyCalculator;
			sourceTree = "<group>";
		};
		1E2B3CB318C7A94700FA1DA0 /* Supporting Files */ = {
			isa = PBXGroup;
			children = (
				1E2B3CB418C7A94700FA1DA0 /* MyCalculator-Info.plist */,
				1E2B3CB518C7A94700FA1DA0 /* InfoPlist.strings */,
				1E2B3CB818C7A94700FA1DA0 /* main.m */,
				1E2B3CBA18C7A94700FA1DA0 /* MyCalculator-Prefix.pch */,
			);
			name = "Supporting Files";
			sourceTree = "<group>";
		};
		1E2B3CD118C7A94700FA1DA0 /* MyCalculatorTests */ = {
			isa = PBXGroup;
			children = (
				1E2B3CD718C7A94700FA1DA0 /* MyCalculatorTests.m */,
				1E2B3CD218C7A94700FA1DA0 /* Supporting Files */,
			);
			path = MyCalculatorTests;
			sourceTree = "<group>";
		};
		1E2B3CD218C7A94700FA1DA0 /* Supporting Files */ = {
			isa = PBXGroup;
			children = (
				1E2B3CD318C7A94700FA1DA0 /* MyCalculatorTests-Info.plist */,
				1E2B3CD418C7A94700FA1DA0 /* InfoPlist.strings */,
			);
			name = "Supporting Files";
			sourceTree = "<group>";
		};
/* End PBXGroup section */

/* Begin PBXNativeTarget section */
		1E2B3CA818C7A94600FA1DA0 /* MyCalculator */ = {
			isa = PBXNativeTarget;
			buildConfigurationList = 1E2B3CDB18C7A94700FA1DA0 /* Build configuration list for PBXNativeTarget "MyCalculator" */;
			buildPhases = (
				1E2B3CA518C7A94600FA1DA0 /* Sources */,
				1E2B3CA618C7A94600FA1DA0 /* Frameworks */,
				1E2B3CA718C7A94600FA1DA0 /* Resources */,
			);
			buildRules = (
			);
			dependencies = (
			);
			name = MyCalculator;
			productName = MyCalculator;
			productReference = 1E2B3CA918C7A94600FA1DA0 /* MyCalculator.app */;
			productType = "com.apple.product-type.application";
		};
		1E2B3CC918C7A94700FA1DA0 /* MyCalculatorTests */ = {
			isa = PBXNativeTarget;
			buildConfigurationList = 1E2B3CDE18C7A94700FA1DA0 /* Build configuration list for PBXNativeTarget "MyCalculatorTests" */;
			buildPhases = (
				1E2B3CC618C7A94700FA1DA0 /* Sources */,
				1E2B3CC718C7A94700FA1DA0 /* Frameworks */,
				1E2B3CC818C7A94700FA1DA0 /* Resources */,
			);
			buildRules = (
			);
			dependencies = (
				1E2B3CD018C7A94700FA1DA0 /* PBXTargetDependency */,
			);
			name = MyCalculatorTests;
			productName = MyCalculatorTests;
			productReference = 1E2B3CCA18C7A94700FA1DA0 /* MyCalculatorTests.xctest */;
			productType = "com.apple.product-type.bundle.unit-test";
		};
/* End PBXNativeTarget section */

/* Begin PBXProject section */
		1E2B3CA118C7A94600FA1DA0 /* Project object */ = {
			isa = PBXProject;
			attributes = {
				CLASSPREFIX = MyCalculator;
				LastUpgradeCheck = 0510;
				ORGANIZATIONNAME = "Austin White";
				TargetAttributes = {
					1E2B3CC918C7A94700FA1DA0 = {
						TestTargetID = 1E2B3CA818C7A94600FA1DA0;
					};
				};
			};
			buildConfigurationList = 1E2B3CA418C7A94600FA1DA0 /* Build configuration list for PBXProject "MyCalculator" */;
			compatibilityVersion = "Xcode 3.2";
			developmentRegion = English;
			hasScannedForEncodings = 0;
			knownRegions = (
				en,
				Base,
			);
			mainGroup = 1E2B3CA018C7A94600FA1DA0;
			productRefGroup = 1E2B3CAA18C7A94600FA1DA0 /* Products */;
			projectDirPath = "";
			projectRoot = "";
			targets = (
				1E2B3CA818C7A94600FA1DA0 /* MyCalculator */,
				1E2B3CC918C7A94700FA1DA0 /* MyCalculatorTests */,
			);
		};
/* End PBXProject section */

/* Begin PBXResourcesBuildPhase section */
		1E2B3CA718C7A94600FA1DA0 /* Resources */ = {
			isa = PBXResourcesBuildPhase;
			buildActionMask = 2147483647;
			files = (
				1E2B3CC518C7A94700FA1DA0 /* Images.xcassets in Resources */,
				1E2B3CB718C7A94700FA1DA0 /* InfoPlist.strings in Resources */,
				1E2B3CC018C7A94700FA1DA0 /* Main.storyboard in Resources */,
			);
			runOnlyForDeploymentPostprocessing = 0;
		};
		1E2B3CC818C7A94700FA1DA0 /* Resources */ = {
			isa = PBXResourcesBuildPhase;
			buildActionMask = 2147483647;
			files = (
				1E2B3CD618C7A94700FA1DA0 /* InfoPlist.strings in Resources */,
			);
			runOnlyForDeploymentPostprocessing = 0;
		};
/* End PBXResourcesBuildPhase section */

/* Begin PBXSourcesBuildPhase section */
		1E2B3CA518C7A94600FA1DA0 /* Sources */ = {
			isa = PBXSourcesBuildPhase;
			buildActionMask = 2147483647;
			files = (
				1E0CD2D818D26AD5008AFC7B /* NSDecimalNumber+SquareRoot.m in Sources */,
				1E82C42F18CD0965009D087D /* ShuntingYard.m in Sources */,
				1E2B3CC318C7A94700FA1DA0 /* MyCalculatorViewController.m in Sources */,
				1ED1E04C18C7B9300052C728 /* CalculatorEngine.m in Sources */,
				1E2B3CBD18C7A94700FA1DA0 /* MyCalculatorAppDelegate.m in Sources */,
				1E2B3CB918C7A94700FA1DA0 /* main.m in Sources */,
				1E82C43918CD1354009D087D /* MJGStack.m in Sources */,
				1EE2E28F18D78C0A00931F56 /* CopyLabel.m in Sources */,
				1E82C43C18CD140E009D087D /* NSMutableArray+QueueAdditions.m in Sources */,
			);
			runOnlyForDeploymentPostprocessing = 0;
		};
		1E2B3CC618C7A94700FA1DA0 /* Sources */ = {
			isa = PBXSourcesBuildPhase;
			buildActionMask = 2147483647;
			files = (
				1E2B3CD818C7A94700FA1DA0 /* MyCalculatorTests.m in Sources */,
			);
			runOnlyForDeploymentPostprocessing = 0;
		};
/* End PBXSourcesBuildPhase section */

/* Begin PBXTargetDependency section */
		1E2B3CD018C7A94700FA1DA0 /* PBXTargetDependency */ = {
			isa = PBXTargetDependency;
			target = 1E2B3CA818C7A94600FA1DA0 /* MyCalculator */;
			targetProxy = 1E2B3CCF18C7A94700FA1DA0 /* PBXContainerItemProxy */;
		};
/* End PBXTargetDependency section */

/* Begin PBXVariantGroup section */
		1E2B3CB518C7A94700FA1DA0 /* InfoPlist.strings */ = {
			isa = PBXVariantGroup;
			children = (
				1E2B3CB618C7A94700FA1DA0 /* en */,
			);
			name = InfoPlist.strings;
			sourceTree = "<group>";
		};
		1E2B3CBE18C7A94700FA1DA0 /* Main.storyboard */ = {
			isa = PBXVariantGroup;
			children = (
				1E2B3CBF18C7A94700FA1DA0 /* Base */,
			);
			name = Main.storyboard;
			sourceTree = "<group>";
		};
		1E2B3CD418C7A94700FA1DA0 /* InfoPlist.strings */ = {
			isa = PBXVariantGroup;
			children = (
				1E2B3CD518C7A94700FA1DA0 /* en */,
			);
			name = InfoPlist.strings;
			sourceTree = "<group>";
		};
/* End PBXVariantGroup section */

/* Begin XCBuildConfiguration section */
		1E2B3CD918C7A94700FA1DA0 /* Debug */ = {
			isa = XCBuildConfiguration;
			buildSettings = {
				ALWAYS_SEARCH_USER_PATHS = NO;
				CLANG_CXX_LANGUAGE_STANDARD = "gnu++0x";
				CLANG_CXX_LIBRARY = "libc++";
				CLANG_ENABLE_MODULES = YES;
				CLANG_ENABLE_OBJC_ARC = YES;
				CLANG_WARN_BOOL_CONVERSION = YES;
				CLANG_WARN_CONSTANT_CONVERSION = YES;
				CLANG_WARN_DIRECT_OBJC_ISA_USAGE = YES_ERROR;
				CLANG_WARN_EMPTY_BODY = YES;
				CLANG_WARN_ENUM_CONVERSION = YES;
				CLANG_WARN_INT_CONVERSION = YES;
				CLANG_WARN_OBJC_ROOT_CLASS = YES_ERROR;
				CLANG_WARN__DUPLICATE_METHOD_MATCH = YES;
				"CODE_SIGN_IDENTITY[sdk=iphoneos*]" = "iPhone Developer";
				COPY_PHASE_STRIP = NO;
				GCC_C_LANGUAGE_STANDARD = gnu99;
				GCC_DYNAMIC_NO_PIC = NO;
				GCC_OPTIMIZATION_LEVEL = 0;
				GCC_PREPROCESSOR_DEFINITIONS = (
					"DEBUG=1",
					"$(inherited)",
				);
				GCC_SYMBOLS_PRIVATE_EXTERN = NO;
				GCC_WARN_64_TO_32_BIT_CONVERSION = YES;
				GCC_WARN_ABOUT_RETURN_TYPE = YES_ERROR;
				GCC_WARN_UNDECLARED_SELECTOR = YES;
				GCC_WARN_UNINITIALIZED_AUTOS = YES;
				GCC_WARN_UNUSED_FUNCTION = YES;
				GCC_WARN_UNUSED_VARIABLE = YES;
				IPHONEOS_DEPLOYMENT_TARGET = 7.0;
				ONLY_ACTIVE_ARCH = YES;
				SDKROOT = iphoneos;
			};
			name = Debug;
		};
		1E2B3CDA18C7A94700FA1DA0 /* Release */ = {
			isa = XCBuildConfiguration;
			buildSettings = {
				ALWAYS_SEARCH_USER_PATHS = NO;
				CLANG_CXX_LANGUAGE_STANDARD = "gnu++0x";
				CLANG_CXX_LIBRARY = "libc++";
				CLANG_ENABLE_MODULES = YES;
				CLANG_ENABLE_OBJC_ARC = YES;
				CLANG_WARN_BOOL_CONVERSION = YES;
				CLANG_WARN_CONSTANT_CONVERSION = YES;
				CLANG_WARN_DIRECT_OBJC_ISA_USAGE = YES_ERROR;
				CLANG_WARN_EMPTY_BODY = YES;
				CLANG_WARN_ENUM_CONVERSION = YES;
				CLANG_WARN_INT_CONVERSION = YES;
				CLANG_WARN_OBJC_ROOT_CLASS = YES_ERROR;
				CLANG_WARN__DUPLICATE_METHOD_MATCH = YES;
				"CODE_SIGN_IDENTITY[sdk=iphoneos*]" = "iPhone Developer";
				COPY_PHASE_STRIP = YES;
				ENABLE_NS_ASSERTIONS = NO;
				GCC_C_LANGUAGE_STANDARD = gnu99;
				GCC_WARN_64_TO_32_BIT_CONVERSION = YES;
				GCC_WARN_ABOUT_RETURN_TYPE = YES_ERROR;
				GCC_WARN_UNDECLARED_SELECTOR = YES;
				GCC_WARN_UNINITIALIZED_AUTOS = YES;
				GCC_WARN_UNUSED_FUNCTION = YES;
				GCC_WARN_UNUSED_VARIABLE = YES;
				IPHONEOS_DEPLOYMENT_TARGET = 7.0;
				SDKROOT = iphoneos;
				VALIDATE_PRODUCT = YES;
			};
			name = Release;
		};
		1E2B3CDC18C7A94700FA1DA0 /* Debug */ = {
			isa = XCBuildConfiguration;
			buildSettings = {
				ASSETCATALOG_COMPILER_APPICON_NAME = AppIcon;
				ASSETCATALOG_COMPILER_LAUNCHIMAGE_NAME = LaunchImage;
				CODE_SIGN_IDENTITY = "iPhone Developer";
				"CODE_SIGN_IDENTITY[sdk=iphoneos*]" = "iPhone Developer";
				GCC_PRECOMPILE_PREFIX_HEADER = YES;
				GCC_PREFIX_HEADER = "MyCalculator/MyCalculator-Prefix.pch";
				INFOPLIST_FILE = "MyCalculator/MyCalculator-Info.plist";
				PRODUCT_NAME = "$(TARGET_NAME)";
				PROVISIONING_PROFILE = "";
				WRAPPER_EXTENSION = app;
			};
			name = Debug;
		};
		1E2B3CDD18C7A94700FA1DA0 /* Release */ = {
			isa = XCBuildConfiguration;
			buildSettings = {
				ASSETCATALOG_COMPILER_APPICON_NAME = AppIcon;
				ASSETCATALOG_COMPILER_LAUNCHIMAGE_NAME = LaunchImage;
				CODE_SIGN_IDENTITY = "iPhone Developer";
				"CODE_SIGN_IDENTITY[sdk=iphoneos*]" = "iPhone Developer";
				GCC_PRECOMPILE_PREFIX_HEADER = YES;
				GCC_PREFIX_HEADER = "MyCalculator/MyCalculator-Prefix.pch";
				INFOPLIST_FILE = "MyCalculator/MyCalculator-Info.plist";
				PRODUCT_NAME = "$(TARGET_NAME)";
				PROVISIONING_PROFILE = "";
				WRAPPER_EXTENSION = app;
			};
			name = Release;
		};
		1E2B3CDF18C7A94700FA1DA0 /* Debug */ = {
			isa = XCBuildConfiguration;
			buildSettings = {
				BUNDLE_LOADER = "$(BUILT_PRODUCTS_DIR)/MyCalculator.app/MyCalculator";
				FRAMEWORK_SEARCH_PATHS = (
					"$(SDKROOT)/Developer/Library/Frameworks",
					"$(inherited)",
					"$(DEVELOPER_FRAMEWORKS_DIR)",
				);
				GCC_PRECOMPILE_PREFIX_HEADER = YES;
				GCC_PREFIX_HEADER = "MyCalculator/MyCalculator-Prefix.pch";
				GCC_PREPROCESSOR_DEFINITIONS = (
					"DEBUG=1",
					"$(inherited)",
				);
				INFOPLIST_FILE = "MyCalculatorTests/MyCalculatorTests-Info.plist";
				PRODUCT_NAME = "$(TARGET_NAME)";
				TEST_HOST = "$(BUNDLE_LOADER)";
				WRAPPER_EXTENSION = xctest;
			};
			name = Debug;
		};
		1E2B3CE018C7A94700FA1DA0 /* Release */ = {
			isa = XCBuildConfiguration;
			buildSettings = {
				BUNDLE_LOADER = "$(BUILT_PRODUCTS_DIR)/MyCalculator.app/MyCalculator";
				FRAMEWORK_SEARCH_PATHS = (
					"$(SDKROOT)/Developer/Library/Frameworks",
					"$(inherited)",
					"$(DEVELOPER_FRAMEWORKS_DIR)",
				);
				GCC_PRECOMPILE_PREFIX_HEADER = YES;
				GCC_PREFIX_HEADER = "MyCalculator/MyCalculator-Prefix.pch";
				INFOPLIST_FILE = "MyCalculatorTests/MyCalculatorTests-Info.plist";
				PRODUCT_NAME = "$(TARGET_NAME)";
				TEST_HOST = "$(BUNDLE_LOADER)";
				WRAPPER_EXTENSION = xctest;
			};
			name = Release;
		};
/* End XCBuildConfiguration section */

/* Begin XCConfigurationList section */
		1E2B3CA418C7A94600FA1DA0 /* Build configuration list for PBXProject "MyCalculator" */ = {
			isa = XCConfigurationList;
			buildConfigurations = (
				1E2B3CD918C7A94700FA1DA0 /* Debug */,
				1E2B3CDA18C7A94700FA1DA0 /* Release */,
			);
			defaultConfigurationIsVisible = 0;
			defaultConfigurationName = Release;
		};
		1E2B3CDB18C7A94700FA1DA0 /* Build configuration list for PBXNativeTarget "MyCalculator" */ = {
			isa = XCConfigurationList;
			buildConfigurations = (
				1E2B3CDC18C7A94700FA1DA0 /* Debug */,
				1E2B3CDD18C7A94700FA1DA0 /* Release */,
			);
			defaultConfigurationIsVisible = 0;
			defaultConfigurationName = Release;
		};
		1E2B3CDE18C7A94700FA1DA0 /* Build configuration list for PBXNativeTarget "MyCalculatorTests" */ = {
			isa = XCConfigurationList;
			buildConfigurations = (
				1E2B3CDF18C7A94700FA1DA0 /* Debug */,
				1E2B3CE018C7A94700FA1DA0 /* Release */,
			);
			defaultConfigurationIsVisible = 0;
			defaultConfigurationName = Release;
		};
/* End XCConfigurationList section */
	};
	rootObject = 1E2B3CA118C7A94600FA1DA0 /* Project object */;
}
